
Microsoft Visual Studio Solution File, Format Version 12.00
# Visual Studio Version 17
VisualStudioVersion = 17.8.34322.80
MinimumVisualStudioVersion = 10.0.40219.1
Project("{9A19103F-16F7-4668-BE54-9A1E7A4F7556}") = "OpenTelemetryCatalog", "OpenTelemetryCatalog\OpenTelemetryCatalog.csproj", "{6CB9BA75-0A09-4CA9-8130-7A992D31C9C2}"
EndProject
Project("{9A19103F-16F7-4668-BE54-9A1E7A4F7556}") = "ConsumerApi", "ConsumerApi\ConsumerApi.csproj", "{52490B80-7436-4991-8ECC-A6BDC7BAB004}"
EndProject
Project("{2150E333-8FDC-42A3-9474-1A3956D46DE8}") = "Solution Items", "Solution Items", "{8AC9DB31-63E1-47CA-888D-2055F0EEE795}"
	ProjectSection(SolutionItems) = preProject
		Directory.Packages.props = Directory.Packages.props
	EndProjectSection
EndProject
Project("{FAE04EC0-301F-11D3-BF4B-00C04F79EFBC}") = "Shared", "Shared\Shared.csproj", "{A1DDC324-CE1E-4042-98E6-0B5C80CD23C8}"
EndProject
Global
	GlobalSection(SolutionConfigurationPlatforms) = preSolution
		Debug|Any CPU = Debug|Any CPU
		Release|Any CPU = Release|Any CPU
	EndGlobalSection
	GlobalSection(ProjectConfigurationPlatforms) = postSolution
		{6CB9BA75-0A09-4CA9-8130-7A992D31C9C2}.Debug|Any CPU.ActiveCfg = Debug|Any CPU
		{6CB9BA75-0A09-4CA9-8130-7A992D31C9C2}.Debug|Any CPU.Build.0 = Debug|Any CPU
		{6CB9BA75-0A09-4CA9-8130-7A992D31C9C2}.Release|Any CPU.ActiveCfg = Release|Any CPU
		{6CB9BA75-0A09-4CA9-8130-7A992D31C9C2}.Release|Any CPU.Build.0 = Release|Any CPU
		{52490B80-7436-4991-8ECC-A6BDC7BAB004}.Debug|Any CPU.ActiveCfg = Debug|Any CPU
		{52490B80-7436-4991-8ECC-A6BDC7BAB004}.Debug|Any CPU.Build.0 = Debug|Any CPU
		{52490B80-7436-4991-8ECC-A6BDC7BAB004}.Release|Any CPU.ActiveCfg = Release|Any CPU
		{52490B80-7436-4991-8ECC-A6BDC7BAB004}.Release|Any CPU.Build.0 = Release|Any CPU
		{A1DDC324-CE1E-4042-98E6-0B5C80CD23C8}.Debug|Any CPU.ActiveCfg = Debug|Any CPU
		{A1DDC324-CE1E-4042-98E6-0B5C80CD23C8}.Debug|Any CPU.Build.0 = Debug|Any CPU
		{A1DDC324-CE1E-4042-98E6-0B5C80CD23C8}.Release|Any CPU.ActiveCfg = Release|Any CPU
		{A1DDC324-CE1E-4042-98E6-0B5C80CD23C8}.Release|Any CPU.Build.0 = Release|Any CPU
	EndGlobalSection
	GlobalSection(SolutionProperties) = preSolution
		HideSolutionNode = FALSE
	EndGlobalSection
	GlobalSection(ExtensibilityGlobals) = postSolution
		SolutionGuid = {6D98D4E2-0579-4AD5-96F5-088CE4DCCD45}
	EndGlobalSection
EndGlobal
